
Microsoft Visual Studio Solution File, Format Version 12.00
# Visual Studio Version 17
VisualStudioVersion = 17.14.36603.0
MinimumVisualStudioVersion = 10.0.40219.1
Project("{FAE04EC0-301F-11D3-BF4B-00C04F79EFBC}") = "A5-1-1", "A5-1-1\A5-1-1.csproj", "{A5D0299E-18E2-437D-91E2-C0161EB561C8}"
EndProject
Project("{FAE04EC0-301F-11D3-BF4B-00C04F79EFBC}") = "Pong", "Pong\Pong.csproj", "{A66A2963-368A-47B9-ACA9-B1F78968A261}"
EndProject
Global
	GlobalSection(SolutionConfigurationPlatforms) = preSolution
		Debug|Any CPU = Debug|Any CPU
		Release|Any CPU = Release|Any CPU
	EndGlobalSection
	GlobalSection(ProjectConfigurationPlatforms) = postSolution
		{A5D0299E-18E2-437D-91E2-C0161EB561C8}.Debug|Any CPU.ActiveCfg = Debug|Any CPU
		{A5D0299E-18E2-437D-91E2-C0161EB561C8}.Debug|Any CPU.Build.0 = Debug|Any CPU
		{A5D0299E-18E2-437D-91E2-C0161EB561C8}.Release|Any CPU.ActiveCfg = Release|Any CPU
		{A5D0299E-18E2-437D-91E2-C0161EB561C8}.Release|Any CPU.Build.0 = Release|Any CPU
		{A66A2963-368A-47B9-ACA9-B1F78968A261}.Debug|Any CPU.ActiveCfg = Debug|Any CPU
		{A66A2963-368A-47B9-ACA9-B1F78968A261}.Debug|Any CPU.Build.0 = Debug|Any CPU
		{A66A2963-368A-47B9-ACA9-B1F78968A261}.Release|Any CPU.ActiveCfg = Release|Any CPU
		{A66A2963-368A-47B9-ACA9-B1F78968A261}.Release|Any CPU.Build.0 = Release|Any CPU
	EndGlobalSection
	GlobalSection(SolutionProperties) = preSolution
		HideSolutionNode = FALSE
	EndGlobalSection
	GlobalSection(ExtensibilityGlobals) = postSolution
		SolutionGuid = {FEFDD991-59A0-40C1-B675-C6B148BDF1A6}
	EndGlobalSection
EndGlobal
