
Microsoft Visual Studio Solution File, Format Version 12.00
# Visual Studio Version 17
VisualStudioVersion = 17.14.36603.0 d17.14
MinimumVisualStudioVersion = 10.0.40219.1
Project("{FAE04EC0-301F-11D3-BF4B-00C04F79EFBC}") = "A10-1-6", "A10-1-6\A10-1-6.csproj", "{A164D61D-7ECF-4B73-ACE4-E9BE7AC9A617}"
EndProject
Global
	GlobalSection(SolutionConfigurationPlatforms) = preSolution
		Debug|Any CPU = Debug|Any CPU
		Release|Any CPU = Release|Any CPU
	EndGlobalSection
	GlobalSection(ProjectConfigurationPlatforms) = postSolution
		{A164D61D-7ECF-4B73-ACE4-E9BE7AC9A617}.Debug|Any CPU.ActiveCfg = Debug|Any CPU
		{A164D61D-7ECF-4B73-ACE4-E9BE7AC9A617}.Debug|Any CPU.Build.0 = Debug|Any CPU
		{A164D61D-7ECF-4B73-ACE4-E9BE7AC9A617}.Release|Any CPU.ActiveCfg = Release|Any CPU
		{A164D61D-7ECF-4B73-ACE4-E9BE7AC9A617}.Release|Any CPU.Build.0 = Release|Any CPU
	EndGlobalSection
	GlobalSection(SolutionProperties) = preSolution
		HideSolutionNode = FALSE
	EndGlobalSection
	GlobalSection(ExtensibilityGlobals) = postSolution
		SolutionGuid = {5451F5AA-B3E8-4A29-A660-80F236DA2AEC}
	EndGlobalSection
EndGlobal
