
Microsoft Visual Studio Solution File, Format Version 12.00
# Visual Studio Version 17
VisualStudioVersion = 17.14.36603.0 d17.14
MinimumVisualStudioVersion = 10.0.40219.1
Project("{FAE04EC0-301F-11D3-BF4B-00C04F79EFBC}") = "DefinitleyMyFirstApp", "DefinitleyMyFirstApp\DefinitleyMyFirstApp.csproj", "{1FB4FF85-B5DE-4E74-B55C-096857E9613A}"
EndProject
Global
	GlobalSection(SolutionConfigurationPlatforms) = preSolution
		Debug|Any CPU = Debug|Any CPU
		Release|Any CPU = Release|Any CPU
	EndGlobalSection
	GlobalSection(ProjectConfigurationPlatforms) = postSolution
		{1FB4FF85-B5DE-4E74-B55C-096857E9613A}.Debug|Any CPU.ActiveCfg = Debug|Any CPU
		{1FB4FF85-B5DE-4E74-B55C-096857E9613A}.Debug|Any CPU.Build.0 = Debug|Any CPU
		{1FB4FF85-B5DE-4E74-B55C-096857E9613A}.Release|Any CPU.ActiveCfg = Release|Any CPU
		{1FB4FF85-B5DE-4E74-B55C-096857E9613A}.Release|Any CPU.Build.0 = Release|Any CPU
	EndGlobalSection
	GlobalSection(SolutionProperties) = preSolution
		HideSolutionNode = FALSE
	EndGlobalSection
	GlobalSection(ExtensibilityGlobals) = postSolution
		SolutionGuid = {27603529-23D5-4941-AAFE-D1473971C719}
	EndGlobalSection
EndGlobal
